lockfileVersion: '9.0'

settings:
  autoInstallPeers: true
  excludeLinksFromLockfile: false

importers:

  .:
    dependencies:
      r2-explorer:
        specifier: ^1.1.9
        version: 1.1.9(hono@4.9.8)

packages:

  '@asteasolutions/zod-to-openapi@7.3.4':
    resolution: {integrity: sha512-/2rThQ5zPi9OzVwes6U7lK1+Yvug0iXu25olp7S0XsYmOqnyMfxH7gdSQjn/+DSOHRg7wnotwGJSyL+fBKdnEA==}
    peerDependencies:
      zod: ^3.20.2

  '@hono/cloudflare-access@0.2.0':
    resolution: {integrity: sha512-pHjToMqvbrX5Q+8QE6bu7KabwmyVKdHqPgzo3uqRpCuUXndkY4Bt2m6/CwmrE9SKPAhgxFTLilOgiU/DKYhSUA==}
    peerDependencies:
      hono: '*'

  argparse@2.0.1:
    resolution: {integrity: sha512-8+9WqebbFzpX9OR+Wa6O29asIogeRMzcGtAINdpMHHyAg10f05aSFVBbcEqGf/PXw1EjAZ+q2/bEBg3DvurK3Q==}

  chanfana@2.8.2:
    resolution: {integrity: sha512-WK+XRjPWyg7xE9XpamBL4kWng1G1P2/j8FZmV54aqe4rYXRceeSh09uXUKuBCNJ5wD/JxZIDckhlxkGhUSW5pA==}
    hasBin: true

  hono@4.9.8:
    resolution: {integrity: sha512-JW8Bb4RFWD9iOKxg5PbUarBYGM99IcxFl2FPBo2gSJO11jjUDqlP1Bmfyqt8Z/dGhIQ63PMA9LdcLefXyIasyg==}
    engines: {node: '>=16.9.0'}

  js-yaml@4.1.0:
    resolution: {integrity: sha512-wpxZs9NoxZaJESJGIZTyDEaYpl0FKSA+FB9aJiyemKhMwkxQg63h4T1KJgUGHpTqPDNRcmmYLugrRjJlBtWvRA==}
    hasBin: true

  openapi3-ts@4.5.0:
    resolution: {integrity: sha512-jaL+HgTq2Gj5jRcfdutgRGLosCy/hT8sQf6VOy+P+g36cZOjI1iukdPnijC+4CmeRzg/jEllJUboEic2FhxhtQ==}

  postal-mime@2.4.4:
    resolution: {integrity: sha512-LDaFIsmGO+uNnPu28H52cubuHrovfewviU8Y8p+KgIKGVF871t/IQxzlO8QwhJMiG0ih2Lk2jTL3aGVoNz3NZQ==}

  r2-explorer@1.1.9:
    resolution: {integrity: sha512-Smi84KskfozTMT1Vh4Qn74uY6jr74ZUm5sieukLqMaUT7kb6H/kO+tpydoGRqUR0V6k5hN+qTygLE/3xswfDJQ==}

  yaml@2.8.1:
    resolution: {integrity: sha512-lcYcMxX2PO9XMGvAJkJ3OsNMw+/7FKes7/hgerGUYWIoWu5j/+YQqcZr5JnPZWzOsEBgMbSbiSTn/dv/69Mkpw==}
    engines: {node: '>= 14.6'}
    hasBin: true

  yargs-parser@22.0.0:
    resolution: {integrity: sha512-rwu/ClNdSMpkSrUb+d6BRsSkLUq1fmfsY6TOpYzTwvwkg1/NRG85KBy3kq++A8LKQwX6lsu+aWad+2khvuXrqw==}
    engines: {node: ^20.19.0 || ^22.12.0 || >=23}

  zod@3.25.76:
    resolution: {integrity: sha512-gzUt/qt81nXsFGKIFcC3YnfEAx5NkunCfnDlvuBSSFS02bcXu4Lmea0AFIUwbLWxWPx3d9p8S5QoaujKcNQxcQ==}

snapshots:

  '@asteasolutions/zod-to-openapi@7.3.4(zod@3.25.76)':
    dependencies:
      openapi3-ts: 4.5.0
      zod: 3.25.76

  '@hono/cloudflare-access@0.2.0(hono@4.9.8)':
    dependencies:
      hono: 4.9.8

  argparse@2.0.1: {}

  chanfana@2.8.2:
    dependencies:
      '@asteasolutions/zod-to-openapi': 7.3.4(zod@3.25.76)
      js-yaml: 4.1.0
      openapi3-ts: 4.5.0
      yargs-parser: 22.0.0
      zod: 3.25.76

  hono@4.9.8: {}

  js-yaml@4.1.0:
    dependencies:
      argparse: 2.0.1

  openapi3-ts@4.5.0:
    dependencies:
      yaml: 2.8.1

  postal-mime@2.4.4: {}

  r2-explorer@1.1.9(hono@4.9.8):
    dependencies:
      '@hono/cloudflare-access': 0.2.0(hono@4.9.8)
      chanfana: 2.8.2
      postal-mime: 2.4.4
      zod: 3.25.76
    transitivePeerDependencies:
      - hono

  yaml@2.8.1: {}

  yargs-parser@22.0.0: {}

  zod@3.25.76: {}
